
Microsoft Visual Studio Solution File, Format Version 12.00
# Visual Studio Version 17
VisualStudioVersion = 17.13.35818.85 d17.13
MinimumVisualStudioVersion = 10.0.40219.1
Project("{FAE04EC0-301F-11D3-BF4B-00C04F79EFBC}") = "dingdanguanli", "dingdanguanli.csproj", "{DD9F98A9-4484-46F4-A4B0-AFB56C415F6B}"
EndProject
Global
	GlobalSection(SolutionConfigurationPlatforms) = preSolution
		Debug|Any CPU = Debug|Any CPU
		Release|Any CPU = Release|Any CPU
	EndGlobalSection
	GlobalSection(ProjectConfigurationPlatforms) = postSolution
		{DD9F98A9-4484-46F4-A4B0-AFB56C415F6B}.Debug|Any CPU.ActiveCfg = Debug|Any CPU
		{DD9F98A9-4484-46F4-A4B0-AFB56C415F6B}.Debug|Any CPU.Build.0 = Debug|Any CPU
		{DD9F98A9-4484-46F4-A4B0-AFB56C415F6B}.Release|Any CPU.ActiveCfg = Release|Any CPU
		{DD9F98A9-4484-46F4-A4B0-AFB56C415F6B}.Release|Any CPU.Build.0 = Release|Any CPU
	EndGlobalSection
	GlobalSection(SolutionProperties) = preSolution
		HideSolutionNode = FALSE
	EndGlobalSection
	GlobalSection(ExtensibilityGlobals) = postSolution
		SolutionGuid = {86215997-CA3B-4650-8C6D-E0420F6C794A}
	EndGlobalSection
EndGlobal
