
Microsoft Visual Studio Solution File, Format Version 12.00
# Visual Studio Version 17
VisualStudioVersion = 17.13.35818.85 d17.13
MinimumVisualStudioVersion = 10.0.40219.1
Project("{FAE04EC0-301F-11D3-BF4B-00C04F79EFBC}") = "clock", "clock.csproj", "{849EE924-7107-4BD0-A255-570DB9621E54}"
EndProject
Global
	GlobalSection(SolutionConfigurationPlatforms) = preSolution
		Debug|Any CPU = Debug|Any CPU
		Release|Any CPU = Release|Any CPU
	EndGlobalSection
	GlobalSection(ProjectConfigurationPlatforms) = postSolution
		{849EE924-7107-4BD0-A255-570DB9621E54}.Debug|Any CPU.ActiveCfg = Debug|Any CPU
		{849EE924-7107-4BD0-A255-570DB9621E54}.Debug|Any CPU.Build.0 = Debug|Any CPU
		{849EE924-7107-4BD0-A255-570DB9621E54}.Release|Any CPU.ActiveCfg = Release|Any CPU
		{849EE924-7107-4BD0-A255-570DB9621E54}.Release|Any CPU.Build.0 = Release|Any CPU
	EndGlobalSection
	GlobalSection(SolutionProperties) = preSolution
		HideSolutionNode = FALSE
	EndGlobalSection
	GlobalSection(ExtensibilityGlobals) = postSolution
		SolutionGuid = {26F9BA7A-CF14-418E-8AEA-878071CD439F}
	EndGlobalSection
EndGlobal
