
Microsoft Visual Studio Solution File, Format Version 12.00
# Visual Studio Version 17
VisualStudioVersion = 17.13.35818.85 d17.13
MinimumVisualStudioVersion = 10.0.40219.1
Project("{FAE04EC0-301F-11D3-BF4B-00C04F79EFBC}") = "gongchangmoshi", "gongchangmoshi.csproj", "{5543E4F3-62C6-4A6F-9484-D0E5550C1124}"
EndProject
Global
	GlobalSection(SolutionConfigurationPlatforms) = preSolution
		Debug|Any CPU = Debug|Any CPU
		Release|Any CPU = Release|Any CPU
	EndGlobalSection
	GlobalSection(ProjectConfigurationPlatforms) = postSolution
		{5543E4F3-62C6-4A6F-9484-D0E5550C1124}.Debug|Any CPU.ActiveCfg = Debug|Any CPU
		{5543E4F3-62C6-4A6F-9484-D0E5550C1124}.Debug|Any CPU.Build.0 = Debug|Any CPU
		{5543E4F3-62C6-4A6F-9484-D0E5550C1124}.Release|Any CPU.ActiveCfg = Release|Any CPU
		{5543E4F3-62C6-4A6F-9484-D0E5550C1124}.Release|Any CPU.Build.0 = Release|Any CPU
	EndGlobalSection
	GlobalSection(SolutionProperties) = preSolution
		HideSolutionNode = FALSE
	EndGlobalSection
	GlobalSection(ExtensibilityGlobals) = postSolution
		SolutionGuid = {A7BCA41B-A927-4790-88EC-1575AE8AF84C}
	EndGlobalSection
EndGlobal
