
Microsoft Visual Studio Solution File, Format Version 12.00
# Visual Studio Version 17
VisualStudioVersion = 17.13.35818.85 d17.13
MinimumVisualStudioVersion = 10.0.40219.1
Project("{FAE04EC0-301F-11D3-BF4B-00C04F79EFBC}") = "zhishuyinzi", "zhishuyinzi.csproj", "{B8977490-6004-40F5-A91F-FBA1A2D51723}"
EndProject
Global
	GlobalSection(SolutionConfigurationPlatforms) = preSolution
		Debug|Any CPU = Debug|Any CPU
		Release|Any CPU = Release|Any CPU
	EndGlobalSection
	GlobalSection(ProjectConfigurationPlatforms) = postSolution
		{B8977490-6004-40F5-A91F-FBA1A2D51723}.Debug|Any CPU.ActiveCfg = Debug|Any CPU
		{B8977490-6004-40F5-A91F-FBA1A2D51723}.Debug|Any CPU.Build.0 = Debug|Any CPU
		{B8977490-6004-40F5-A91F-FBA1A2D51723}.Release|Any CPU.ActiveCfg = Release|Any CPU
		{B8977490-6004-40F5-A91F-FBA1A2D51723}.Release|Any CPU.Build.0 = Release|Any CPU
	EndGlobalSection
	GlobalSection(SolutionProperties) = preSolution
		HideSolutionNode = FALSE
	EndGlobalSection
	GlobalSection(ExtensibilityGlobals) = postSolution
		SolutionGuid = {4DEF1CBF-0379-4525-8848-B1B6EF971691}
	EndGlobalSection
EndGlobal
